{
  "lockfileVersion": 1,
  "configVersion": 1,
  "workspaces": {
    "": {
      "name": "website",
      "dependencies": {
        "altcha-lib": "^2.3.2",
        "hono": "^4.0.0",
      },
      "devDependencies": {
        "bun-types": "^1.0.0",
        "typescript": "^5.0.0",
      },
    },
  },
  "packages": {
    "@types/node": ["@types/node@26.2.0", "", { "dependencies": { "undici-types": "~8.3.0" } }, "sha512-5IviulTZeRNp2vAJ514cc/HUlY5nZ9fCbq9DMyC52BrhFZACo3nI0R7qBxhQmo/d27NFe96ur/b7Wwxklda+kg=="],

    "altcha-lib": ["altcha-lib@2.3.2", "", { "peerDependencies": { "@fastify/cookie": "^11.0.0", "@fastify/cors": "^11.0.0", "@fastify/formbody": "^8.0.0", "@nestjs/common": "^10.0.0 || ^11.0.0", "@nestjs/core": "^10.0.0 || ^11.0.0", "@nestjs/platform-express": "^10.0.0 || ^11.0.0", "@sveltejs/kit": "^2.0.0", "cookie-parser": "^1.0.0", "cors": "^2.0.0", "express": "^4.0.0 || ^5.0.0", "fastify": "^5.0.0", "h3": "^2.0.0", "hono": "^4.0.0" }, "optionalPeers": ["@fastify/cookie", "@fastify/cors", "@fastify/formbody", "@nestjs/common", "@nestjs/core", "@nestjs/platform-express", "@sveltejs/kit", "cookie-parser", "cors", "express", "fastify", "h3", "hono"], "bin": { "altcha-lib": "bin/cli.mjs" } }, "sha512-puJp4aPn/kK2t5Z3dQkbFTmPusaYPkdlrXB4feWZzdNIiC3sPndKMlcjQFUU3a+sVlUt6DJhfWK2+HiwDBbW1Q=="],

    "bun-types": ["bun-types@1.3.14", "", { "dependencies": { "@types/node": "*" } }, "sha512-4N0ig0fEomHt5R0KCFWjovxow98rIoRwKolrYdCcknNwMekCXRnWEUvgu5soYV8QXtVsrUD8B95MBOZGPvr6KQ=="],

    "hono": ["hono@4.13.2", "", {}, "sha512-JydRilDRkYBQMt9qR9U92mXxmbGqsqSn/IKOrh4e7/gEbn+0zSr8igTu0obwJoNGN4sez28DIql7FBHWydoJpA=="],

    "typescript": ["typescript@5.9.3", "", { "bin": { "tsc": "bin/tsc", "tsserver": "bin/tsserver" } }, "sha512-jl1vZzPDinLr9eUt3J/t7V6FgNEw9QjvBPdysz9KfQDD41fQrC2Y4vKQdiaUpFT4bXlb1RHhLpp8wtm6M5TgSw=="],

    "undici-types": ["undici-types@8.3.0", "", {}, "sha512-j375ScV60dom+YkPFIfTLcOiPxkN/buHz5GobjLhixFuANaNs3C9l4GmrWqejgXWJ7BbJcFYpTEUkS1Ge8bpZQ=="],
  }
}
